// !$*UTF8*$!
{
	archiveVersion = 1;
	classes = {
	};
	objectVersion = 46;
	objects = {

/* Begin PBXBuildFile section */
		8A7F50BD28C28BBF252D51F6 /* Pods_KinveyVideoPlayerUITests.framework in Frameworks */ = {isa = PBXBuildFile; fileRef = D1374CF5A19987D1DCF68376 /* Pods_KinveyVideoPlayerUITests.framework */; };
		960878931E82C239007A9901 /* AppDelegate.swift in Sources */ = {isa = PBXBuildFile; fileRef = 960878921E82C239007A9901 /* AppDelegate.swift */; };
		960878951E82C239007A9901 /* ViewController.swift in Sources */ = {isa = PBXBuildFile; fileRef = 960878941E82C239007A9901 /* ViewController.swift */; };
		960878981E82C239007A9901 /* Main.storyboard in Resources */ = {isa = PBXBuildFile; fileRef = 960878961E82C239007A9901 /* Main.storyboard */; };
		9608789A1E82C239007A9901 /* Assets.xcassets in Resources */ = {isa = PBXBuildFile; fileRef = 960878991E82C239007A9901 /* Assets.xcassets */; };
		9608789D1E82C239007A9901 /* LaunchScreen.storyboard in Resources */ = {isa = PBXBuildFile; fileRef = 9608789B1E82C239007A9901 /* LaunchScreen.storyboard */; };
		960878A81E82C239007A9901 /* KinveyVideoPlayerTests.swift in Sources */ = {isa = PBXBuildFile; fileRef = 960878A71E82C239007A9901 /* KinveyVideoPlayerTests.swift */; };
		960878B31E82C239007A9901 /* KinveyVideoPlayerUITests.swift in Sources */ = {isa = PBXBuildFile; fileRef = 960878B21E82C239007A9901 /* KinveyVideoPlayerUITests.swift */; };
		B897A33104C37EBFD529A736 /* Pods_KinveyVideoPlayer.framework in Frameworks */ = {isa = PBXBuildFile; fileRef = 9E126B3CEBB91AC3088735A5 /* Pods_KinveyVideoPlayer.framework */; };
		FB6E331E9AE561659E701069 /* Pods_KinveyVideoPlayerTests.framework in Frameworks */ = {isa = PBXBuildFile; fileRef = 97235C7318D31E0E08F883B2 /* Pods_KinveyVideoPlayerTests.framework */; };
/* End PBXBuildFile section */

/* Begin PBXContainerItemProxy section */
		960878A41E82C239007A9901 /* PBXContainerItemProxy */ = {
			isa = PBXContainerItemProxy;
			containerPortal = 960878871E82C238007A9901 /* Project object */;
			proxyType = 1;
			remoteGlobalIDString = 9608788E1E82C238007A9901;
			remoteInfo = KinveyVideoPlayer;
		};
		960878AF1E82C239007A9901 /* PBXContainerItemProxy */ = {
			isa = PBXContainerItemProxy;
			containerPortal = 960878871E82C238007A9901 /* Project object */;
			proxyType = 1;
			remoteGlobalIDString = 9608788E1E82C238007A9901;
			remoteInfo = KinveyVideoPlayer;
		};
/* End PBXContainerItemProxy section */

/* Begin PBXFileReference section */
		081183EDC24EC1AA55749C28 /* Pods-KinveyVideoPlayerUITests.debug.xcconfig */ = {isa = PBXFileReference; includeInIndex = 1; lastKnownFileType = text.xcconfig; name = "Pods-KinveyVideoPlayerUITests.debug.xcconfig"; path = "Pods/Target Support Files/Pods-KinveyVideoPlayerUITests/Pods-KinveyVideoPlayerUITests.debug.xcconfig"; sourceTree = "<group>"; };
		0EBA4773DC38914872E4FA73 /* Pods-KinveyVideoPlayer.debug.xcconfig */ = {isa = PBXFileReference; includeInIndex = 1; lastKnownFileType = text.xcconfig; name = "Pods-KinveyVideoPlayer.debug.xcconfig"; path = "Pods/Target Support Files/Pods-KinveyVideoPlayer/Pods-KinveyVideoPlayer.debug.xcconfig"; sourceTree = "<group>"; };
		68393AFC0D5E8A46ABE106DA /* Pods-KinveyVideoPlayerUITests.release.xcconfig */ = {isa = PBXFileReference; includeInIndex = 1; lastKnownFileType = text.xcconfig; name = "Pods-KinveyVideoPlayerUITests.release.xcconfig"; path = "Pods/Target Support Files/Pods-KinveyVideoPlayerUITests/Pods-KinveyVideoPlayerUITests.release.xcconfig"; sourceTree = "<group>"; };
		7E4A51829BD5F334F8A70722 /* Pods-KinveyVideoPlayerTests.debug.xcconfig */ = {isa = PBXFileReference; includeInIndex = 1; lastKnownFileType = text.xcconfig; name = "Pods-KinveyVideoPlayerTests.debug.xcconfig"; path = "Pods/Target Support Files/Pods-KinveyVideoPlayerTests/Pods-KinveyVideoPlayerTests.debug.xcconfig"; sourceTree = "<group>"; };
		905433B9B334A5C43CB97CAF /* Pods-KinveyVideoPlayer.release.xcconfig */ = {isa = PBXFileReference; includeInIndex = 1; lastKnownFileType = text.xcconfig; name = "Pods-KinveyVideoPlayer.release.xcconfig"; path = "Pods/Target Support Files/Pods-KinveyVideoPlayer/Pods-KinveyVideoPlayer.release.xcconfig"; sourceTree = "<group>"; };
		9608788F1E82C239007A9901 /* KinveyVideoPlayer.app */ = {isa = PBXFileReference; explicitFileType = wrapper.application; includeInIndex = 0; path = KinveyVideoPlayer.app; sourceTree = BUILT_PRODUCTS_DIR; };
		960878921E82C239007A9901 /* AppDelegate.swift */ = {isa = PBXFileReference; lastKnownFileType = sourcecode.swift; path = AppDelegate.swift; sourceTree = "<group>"; };
		960878941E82C239007A9901 /* ViewController.swift */ = {isa = PBXFileReference; lastKnownFileType = sourcecode.swift; path = ViewController.swift; sourceTree = "<group>"; };
		960878971E82C239007A9901 /* Base */ = {isa = PBXFileReference; lastKnownFileType = file.storyboard; name = Base; path = Base.lproj/Main.storyboard; sourceTree = "<group>"; };
		960878991E82C239007A9901 /* Assets.xcassets */ = {isa = PBXFileReference; lastKnownFileType = folder.assetcatalog; path = Assets.xcassets; sourceTree = "<group>"; };
		9608789C1E82C239007A9901 /* Base */ = {isa = PBXFileReference; lastKnownFileType = file.storyboard; name = Base; path = Base.lproj/LaunchScreen.storyboard; sourceTree = "<group>"; };
		9608789E1E82C239007A9901 /* Info.plist */ = {isa = PBXFileReference; lastKnownFileType = text.plist.xml; path = Info.plist; sourceTree = "<group>"; };
		960878A31E82C239007A9901 /* KinveyVideoPlayerTests.xctest */ = {isa = PBXFileReference; explicitFileType = wrapper.cfbundle; includeInIndex = 0; path = KinveyVideoPlayerTests.xctest; sourceTree = BUILT_PRODUCTS_DIR; };
		960878A71E82C239007A9901 /* KinveyVideoPlayerTests.swift */ = {isa = PBXFileReference; lastKnownFileType = sourcecode.swift; path = KinveyVideoPlayerTests.swift; sourceTree = "<group>"; };
		960878A91E82C239007A9901 /* Info.plist */ = {isa = PBXFileReference; lastKnownFileType = text.plist.xml; path = Info.plist; sourceTree = "<group>"; };
		960878AE1E82C239007A9901 /* KinveyVideoPlayerUITests.xctest */ = {isa = PBXFileReference; explicitFileType = wrapper.cfbundle; includeInIndex = 0; path = KinveyVideoPlayerUITests.xctest; sourceTree = BUILT_PRODUCTS_DIR; };
		960878B21E82C239007A9901 /* KinveyVideoPlayerUITests.swift */ = {isa = PBXFileReference; lastKnownFileType = sourcecode.swift; path = KinveyVideoPlayerUITests.swift; sourceTree = "<group>"; };
		960878B41E82C239007A9901 /* Info.plist */ = {isa = PBXFileReference; lastKnownFileType = text.plist.xml; path = Info.plist; sourceTree = "<group>"; };
		97235C7318D31E0E08F883B2 /* Pods_KinveyVideoPlayerTests.framework */ = {isa = PBXFileReference; explicitFileType = wrapper.framework; includeInIndex = 0; path = Pods_KinveyVideoPlayerTests.framework; sourceTree = BUILT_PRODUCTS_DIR; };
		9E126B3CEBB91AC3088735A5 /* Pods_KinveyVideoPlayer.framework */ = {isa = PBXFileReference; explicitFileType = wrapper.framework; includeInIndex = 0; path = Pods_KinveyVideoPlayer.framework; sourceTree = BUILT_PRODUCTS_DIR; };
		D1374CF5A19987D1DCF68376 /* Pods_KinveyVideoPlayerUITests.framework */ = {isa = PBXFileReference; explicitFileType = wrapper.framework; includeInIndex = 0; path = Pods_KinveyVideoPlayerUITests.framework; sourceTree = BUILT_PRODUCTS_DIR; };
		D2C6A96E247729A7415CBADA /* Pods-KinveyVideoPlayerTests.release.xcconfig */ = {isa = PBXFileReference; includeInIndex = 1; lastKnownFileType = text.xcconfig; name = "Pods-KinveyVideoPlayerTests.release.xcconfig"; path = "Pods/Target Support Files/Pods-KinveyVideoPlayerTests/Pods-KinveyVideoPlayerTests.release.xcconfig"; sourceTree = "<group>"; };
/* End PBXFileReference section */

/* Begin PBXFrameworksBuildPhase section */
		9608788C1E82C238007A9901 /* Frameworks */ = {
			isa = PBXFrameworksBuildPhase;
			buildActionMask = 2147483647;
			files = (
				B897A33104C37EBFD529A736 /* Pods_KinveyVideoPlayer.framework in Frameworks */,
			);
			runOnlyForDeploymentPostprocessing = 0;
		};
		960878A01E82C239007A9901 /* Frameworks */ = {
			isa = PBXFrameworksBuildPhase;
			buildActionMask = 2147483647;
			files = (
				FB6E331E9AE561659E701069 /* Pods_KinveyVideoPlayerTests.framework in Frameworks */,
			);
			runOnlyForDeploymentPostprocessing = 0;
		};
		960878AB1E82C239007A9901 /* Frameworks */ = {
			isa = PBXFrameworksBuildPhase;
			buildActionMask = 2147483647;
			files = (
				8A7F50BD28C28BBF252D51F6 /* Pods_KinveyVideoPlayerUITests.framework in Frameworks */,
			);
			runOnlyForDeploymentPostprocessing = 0;
		};
/* End PBXFrameworksBuildPhase section */

/* Begin PBXGroup section */
		6A13F3145F9036B21A158D80 /* Pods */ = {
			isa = PBXGroup;
			children = (
				0EBA4773DC38914872E4FA73 /* Pods-KinveyVideoPlayer.debug.xcconfig */,
				905433B9B334A5C43CB97CAF /* Pods-KinveyVideoPlayer.release.xcconfig */,
				7E4A51829BD5F334F8A70722 /* Pods-KinveyVideoPlayerTests.debug.xcconfig */,
				D2C6A96E247729A7415CBADA /* Pods-KinveyVideoPlayerTests.release.xcconfig */,
				081183EDC24EC1AA55749C28 /* Pods-KinveyVideoPlayerUITests.debug.xcconfig */,
				68393AFC0D5E8A46ABE106DA /* Pods-KinveyVideoPlayerUITests.release.xcconfig */,
			);
			name = Pods;
			sourceTree = "<group>";
		};
		960878861E82C238007A9901 = {
			isa = PBXGroup;
			children = (
				960878911E82C239007A9901 /* KinveyVideoPlayer */,
				960878A61E82C239007A9901 /* KinveyVideoPlayerTests */,
				960878B11E82C239007A9901 /* KinveyVideoPlayerUITests */,
				960878901E82C239007A9901 /* Products */,
				6A13F3145F9036B21A158D80 /* Pods */,
				B189EEBF55A46B02539F8457 /* Frameworks */,
			);
			sourceTree = "<group>";
		};
		960878901E82C239007A9901 /* Products */ = {
			isa = PBXGroup;
			children = (
				9608788F1E82C239007A9901 /* KinveyVideoPlayer.app */,
				960878A31E82C239007A9901 /* KinveyVideoPlayerTests.xctest */,
				960878AE1E82C239007A9901 /* KinveyVideoPlayerUITests.xctest */,
			);
			name = Products;
			sourceTree = "<group>";
		};
		960878911E82C239007A9901 /* KinveyVideoPlayer */ = {
			isa = PBXGroup;
			children = (
				960878921E82C239007A9901 /* AppDelegate.swift */,
				960878941E82C239007A9901 /* ViewController.swift */,
				960878961E82C239007A9901 /* Main.storyboard */,
				960878991E82C239007A9901 /* Assets.xcassets */,
				9608789B1E82C239007A9901 /* LaunchScreen.storyboard */,
				9608789E1E82C239007A9901 /* Info.plist */,
			);
			path = KinveyVideoPlayer;
			sourceTree = "<group>";
		};
		960878A61E82C239007A9901 /* KinveyVideoPlayerTests */ = {
			isa = PBXGroup;
			children = (
				960878A71E82C239007A9901 /* KinveyVideoPlayerTests.swift */,
				960878A91E82C239007A9901 /* Info.plist */,
			);
			path = KinveyVideoPlayerTests;
			sourceTree = "<group>";
		};
		960878B11E82C239007A9901 /* KinveyVideoPlayerUITests */ = {
			isa = PBXGroup;
			children = (
				960878B21E82C239007A9901 /* KinveyVideoPlayerUITests.swift */,
				960878B41E82C239007A9901 /* Info.plist */,
			);
			path = KinveyVideoPlayerUITests;
			sourceTree = "<group>";
		};
		B189EEBF55A46B02539F8457 /* Frameworks */ = {
			isa = PBXGroup;
			children = (
				9E126B3CEBB91AC3088735A5 /* Pods_KinveyVideoPlayer.framework */,
				97235C7318D31E0E08F883B2 /* Pods_KinveyVideoPlayerTests.framework */,
				D1374CF5A19987D1DCF68376 /* Pods_KinveyVideoPlayerUITests.framework */,
			);
			name = Frameworks;
			sourceTree = "<group>";
		};
/* End PBXGroup section */

/* Begin PBXNativeTarget section */
		9608788E1E82C238007A9901 /* KinveyVideoPlayer */ = {
			isa = PBXNativeTarget;
			buildConfigurationList = 960878B71E82C239007A9901 /* Build configuration list for PBXNativeTarget "KinveyVideoPlayer" */;
			buildPhases = (
				06FE80AB8B8A219FD996121B /* [CP] Check Pods Manifest.lock */,
				9608788B1E82C238007A9901 /* Sources */,
				9608788C1E82C238007A9901 /* Frameworks */,
				9608788D1E82C238007A9901 /* Resources */,
				4A832157E60D58230CBDF08A /* [CP] Embed Pods Frameworks */,
				FE504AE75ACDE3076EC73D16 /* [CP] Copy Pods Resources */,
			);
			buildRules = (
			);
			dependencies = (
			);
			name = KinveyVideoPlayer;
			productName = KinveyVideoPlayer;
			productReference = 9608788F1E82C239007A9901 /* KinveyVideoPlayer.app */;
			productType = "com.apple.product-type.application";
		};
		960878A21E82C239007A9901 /* KinveyVideoPlayerTests */ = {
			isa = PBXNativeTarget;
			buildConfigurationList = 960878BA1E82C239007A9901 /* Build configuration list for PBXNativeTarget "KinveyVideoPlayerTests" */;
			buildPhases = (
				AEEF77DF3EBFB9A5A654C997 /* [CP] Check Pods Manifest.lock */,
				9608789F1E82C239007A9901 /* Sources */,
				960878A01E82C239007A9901 /* Frameworks */,
				960878A11E82C239007A9901 /* Resources */,
				58A7F976CEC2736BEEA35EF9 /* [CP] Embed Pods Frameworks */,
				15970A4CD2E37FC58284DB9D /* [CP] Copy Pods Resources */,
			);
			buildRules = (
			);
			dependencies = (
				960878A51E82C239007A9901 /* PBXTargetDependency */,
			);
			name = KinveyVideoPlayerTests;
			productName = KinveyVideoPlayerTests;
			productReference = 960878A31E82C239007A9901 /* KinveyVideoPlayerTests.xctest */;
			productType = "com.apple.product-type.bundle.unit-test";
		};
		960878AD1E82C239007A9901 /* KinveyVideoPlayerUITests */ = {
			isa = PBXNativeTarget;
			buildConfigurationList = 960878BD1E82C239007A9901 /* Build configuration list for PBXNativeTarget "KinveyVideoPlayerUITests" */;
			buildPhases = (
				CD2C464570DA2D9646041D79 /* [CP] Check Pods Manifest.lock */,
				960878AA1E82C239007A9901 /* Sources */,
				960878AB1E82C239007A9901 /* Frameworks */,
				960878AC1E82C239007A9901 /* Resources */,
				71885145346AC2B6ED8F95F9 /* [CP] Embed Pods Frameworks */,
				37B03124153B01F179ACEEEF /* [CP] Copy Pods Resources */,
			);
			buildRules = (
			);
			dependencies = (
				960878B01E82C239007A9901 /* PBXTargetDependency */,
			);
			name = KinveyVideoPlayerUITests;
			productName = KinveyVideoPlayerUITests;
			productReference = 960878AE1E82C239007A9901 /* KinveyVideoPlayerUITests.xctest */;
			productType = "com.apple.product-type.bundle.ui-testing";
		};
/* End PBXNativeTarget section */

/* Begin PBXProject section */
		960878871E82C238007A9901 /* Project object */ = {
			isa = PBXProject;
			attributes = {
				LastSwiftUpdateCheck = 0820;
				LastUpgradeCheck = 0820;
				ORGANIZATIONNAME = Kinvey;
				TargetAttributes = {
					9608788E1E82C238007A9901 = {
						CreatedOnToolsVersion = 8.2.1;
						ProvisioningStyle = Automatic;
					};
					960878A21E82C239007A9901 = {
						CreatedOnToolsVersion = 8.2.1;
						ProvisioningStyle = Automatic;
						TestTargetID = 9608788E1E82C238007A9901;
					};
					960878AD1E82C239007A9901 = {
						CreatedOnToolsVersion = 8.2.1;
						ProvisioningStyle = Automatic;
						TestTargetID = 9608788E1E82C238007A9901;
					};
				};
			};
			buildConfigurationList = 9608788A1E82C238007A9901 /* Build configuration list for PBXProject "KinveyVideoPlayer" */;
			compatibilityVersion = "Xcode 3.2";
			developmentRegion = English;
			hasScannedForEncodings = 0;
			knownRegions = (
				en,
				Base,
			);
			mainGroup = 960878861E82C238007A9901;
			productRefGroup = 960878901E82C239007A9901 /* Products */;
			projectDirPath = "";
			projectRoot = "";
			targets = (
				9608788E1E82C238007A9901 /* KinveyVideoPlayer */,
				960878A21E82C239007A9901 /* KinveyVideoPlayerTests */,
				960878AD1E82C239007A9901 /* KinveyVideoPlayerUITests */,
			);
		};
/* End PBXProject section */

/* Begin PBXResourcesBuildPhase section */
		9608788D1E82C238007A9901 /* Resources */ = {
			isa = PBXResourcesBuildPhase;
			buildActionMask = 2147483647;
			files = (
				9608789D1E82C239007A9901 /* LaunchScreen.storyboard in Resources */,
				9608789A1E82C239007A9901 /* Assets.xcassets in Resources */,
				960878981E82C239007A9901 /* Main.storyboard in Resources */,
			);
			runOnlyForDeploymentPostprocessing = 0;
		};
		960878A11E82C239007A9901 /* Resources */ = {
			isa = PBXResourcesBuildPhase;
			buildActionMask = 2147483647;
			files = (
			);
			runOnlyForDeploymentPostprocessing = 0;
		};
		960878AC1E82C239007A9901 /* Resources */ = {
			isa = PBXResourcesBuildPhase;
			buildActionMask = 2147483647;
			files = (
			);
			runOnlyForDeploymentPostprocessing = 0;
		};
/* End PBXResourcesBuildPhase section */

/* Begin PBXShellScriptBuildPhase section */
		06FE80AB8B8A219FD996121B /* [CP] Check Pods Manifest.lock */ = {
			isa = PBXShellScriptBuildPhase;
			buildActionMask = 2147483647;
			files = (
			);
			inputPaths = (
			);
			name = "[CP] Check Pods Manifest.lock";
			outputPaths = (
			);
			runOnlyForDeploymentPostprocessing = 0;
			shellPath = /bin/sh;
			shellScript = "diff \"${PODS_ROOT}/../Podfile.lock\" \"${PODS_ROOT}/Manifest.lock\" > /dev/null\nif [ $? != 0 ] ; then\n    # print error to STDERR\n    echo \"error: The sandbox is not in sync with the Podfile.lock. Run 'pod install' or update your CocoaPods installation.\" >&2\n    exit 1\nfi\n";
			showEnvVarsInLog = 0;
		};
		15970A4CD2E37FC58284DB9D /* [CP] Copy Pods Resources */ = {
			isa = PBXShellScriptBuildPhase;
			buildActionMask = 2147483647;
			files = (
			);
			inputPaths = (
			);
			name = "[CP] Copy Pods Resources";
			outputPaths = (
			);
			runOnlyForDeploymentPostprocessing = 0;
			shellPath = /bin/sh;
			shellScript = "\"${SRCROOT}/Pods/Target Support Files/Pods-KinveyVideoPlayerTests/Pods-KinveyVideoPlayerTests-resources.sh\"\n";
			showEnvVarsInLog = 0;
		};
		37B03124153B01F179ACEEEF /* [CP] Copy Pods Resources */ = {
			isa = PBXShellScriptBuildPhase;
			buildActionMask = 2147483647;
			files = (
			);
			inputPaths = (
			);
			name = "[CP] Copy Pods Resources";
			outputPaths = (
			);
			runOnlyForDeploymentPostprocessing = 0;
			shellPath = /bin/sh;
			shellScript = "\"${SRCROOT}/Pods/Target Support Files/Pods-KinveyVideoPlayerUITests/Pods-KinveyVideoPlayerUITests-resources.sh\"\n";
			showEnvVarsInLog = 0;
		};
		4A832157E60D58230CBDF08A /* [CP] Embed Pods Frameworks */ = {
			isa = PBXShellScriptBuildPhase;
			buildActionMask = 2147483647;
			files = (
			);
			inputPaths = (
			);
			name = "[CP] Embed Pods Frameworks";
			outputPaths = (
			);
			runOnlyForDeploymentPostprocessing = 0;
			shellPath = /bin/sh;
			shellScript = "\"${SRCROOT}/Pods/Target Support Files/Pods-KinveyVideoPlayer/Pods-KinveyVideoPlayer-frameworks.sh\"\n";
			showEnvVarsInLog = 0;
		};
		58A7F976CEC2736BEEA35EF9 /* [CP] Embed Pods Frameworks */ = {
			isa = PBXShellScriptBuildPhase;
			buildActionMask = 2147483647;
			files = (
			);
			inputPaths = (
			);
			name = "[CP] Embed Pods Frameworks";
			outputPaths = (
			);
			runOnlyForDeploymentPostprocessing = 0;
			shellPath = /bin/sh;
			shellScript = "\"${SRCROOT}/Pods/Target Support Files/Pods-KinveyVideoPlayerTests/Pods-KinveyVideoPlayerTests-frameworks.sh\"\n";
			showEnvVarsInLog = 0;
		};
		71885145346AC2B6ED8F95F9 /* [CP] Embed Pods Frameworks */ = {
			isa = PBXShellScriptBuildPhase;
			buildActionMask = 2147483647;
			files = (
			);
			inputPaths = (
			);
			name = "[CP] Embed Pods Frameworks";
			outputPaths = (
			);
			runOnlyForDeploymentPostprocessing = 0;
			shellPath = /bin/sh;
			shellScript = "\"${SRCROOT}/Pods/Target Support Files/Pods-KinveyVideoPlayerUITests/Pods-KinveyVideoPlayerUITests-frameworks.sh\"\n";
			showEnvVarsInLog = 0;
		};
		AEEF77DF3EBFB9A5A654C997 /* [CP] Check Pods Manifest.lock */ = {
			isa = PBXShellScriptBuildPhase;
			buildActionMask = 2147483647;
			files = (
			);
			inputPaths = (
			);
			name = "[CP] Check Pods Manifest.lock";
			outputPaths = (
			);
			runOnlyForDeploymentPostprocessing = 0;
			shellPath = /bin/sh;
			shellScript = "diff \"${PODS_ROOT}/../Podfile.lock\" \"${PODS_ROOT}/Manifest.lock\" > /dev/null\nif [ $? != 0 ] ; then\n    # print error to STDERR\n    echo \"error: The sandbox is not in sync with the Podfile.lock. Run 'pod install' or update your CocoaPods installation.\" >&2\n    exit 1\nfi\n";
			showEnvVarsInLog = 0;
		};
		CD2C464570DA2D9646041D79 /* [CP] Check Pods Manifest.lock */ = {
			isa = PBXShellScriptBuildPhase;
			buildActionMask = 2147483647;
			files = (
			);
			inputPaths = (
			);
			name = "[CP] Check Pods Manifest.lock";
			outputPaths = (
			);
			runOnlyForDeploymentPostprocessing = 0;
			shellPath = /bin/sh;
			shellScript = "diff \"${PODS_ROOT}/../Podfile.lock\" \"${PODS_ROOT}/Manifest.lock\" > /dev/null\nif [ $? != 0 ] ; then\n    # print error to STDERR\n    echo \"error: The sandbox is not in sync with the Podfile.lock. Run 'pod install' or update your CocoaPods installation.\" >&2\n    exit 1\nfi\n";
			showEnvVarsInLog = 0;
		};
		FE504AE75ACDE3076EC73D16 /* [CP] Copy Pods Resources */ = {
			isa = PBXShellScriptBuildPhase;
			buildActionMask = 2147483647;
			files = (
			);
			inputPaths = (
			);
			name = "[CP] Copy Pods Resources";
			outputPaths = (
			);
			runOnlyForDeploymentPostprocessing = 0;
			shellPath = /bin/sh;
			shellScript = "\"${SRCROOT}/Pods/Target Support Files/Pods-KinveyVideoPlayer/Pods-KinveyVideoPlayer-resources.sh\"\n";
			showEnvVarsInLog = 0;
		};
/* End PBXShellScriptBuildPhase section */

/* Begin PBXSourcesBuildPhase section */
		9608788B1E82C238007A9901 /* Sources */ = {
			isa = PBXSourcesBuildPhase;
			buildActionMask = 2147483647;
			files = (
				960878951E82C239007A9901 /* ViewController.swift in Sources */,
				960878931E82C239007A9901 /* AppDelegate.swift in Sources */,
			);
			runOnlyForDeploymentPostprocessing = 0;
		};
		9608789F1E82C239007A9901 /* Sources */ = {
			isa = PBXSourcesBuildPhase;
			buildActionMask = 2147483647;
			files = (
				960878A81E82C239007A9901 /* KinveyVideoPlayerTests.swift in Sources */,
			);
			runOnlyForDeploymentPostprocessing = 0;
		};
		960878AA1E82C239007A9901 /* Sources */ = {
			isa = PBXSourcesBuildPhase;
			buildActionMask = 2147483647;
			files = (
				960878B31E82C239007A9901 /* KinveyVideoPlayerUITests.swift in Sources */,
			);
			runOnlyForDeploymentPostprocessing = 0;
		};
/* End PBXSourcesBuildPhase section */

/* Begin PBXTargetDependency section */
		960878A51E82C239007A9901 /* PBXTargetDependency */ = {
			isa = PBXTargetDependency;
			target = 9608788E1E82C238007A9901 /* KinveyVideoPlayer */;
			targetProxy = 960878A41E82C239007A9901 /* PBXContainerItemProxy */;
		};
		960878B01E82C239007A9901 /* PBXTargetDependency */ = {
			isa = PBXTargetDependency;
			target = 9608788E1E82C238007A9901 /* KinveyVideoPlayer */;
			targetProxy = 960878AF1E82C239007A9901 /* PBXContainerItemProxy */;
		};
/* End PBXTargetDependency section */

/* Begin PBXVariantGroup section */
		960878961E82C239007A9901 /* Main.storyboard */ = {
			isa = PBXVariantGroup;
			children = (
				960878971E82C239007A9901 /* Base */,
			);
			name = Main.storyboard;
			sourceTree = "<group>";
		};
		9608789B1E82C239007A9901 /* LaunchScreen.storyboard */ = {
			isa = PBXVariantGroup;
			children = (
				9608789C1E82C239007A9901 /* Base */,
			);
			name = LaunchScreen.storyboard;
			sourceTree = "<group>";
		};
/* End PBXVariantGroup section */

/* Begin XCBuildConfiguration section */
		960878B51E82C239007A9901 /* Debug */ = {
			isa = XCBuildConfiguration;
			buildSettings = {
				ALWAYS_SEARCH_USER_PATHS = NO;
				CLANG_ANALYZER_NONNULL = YES;
				CLANG_CXX_LANGUAGE_STANDARD = "gnu++0x";
				CLANG_CXX_LIBRARY = "libc++";
				CLANG_ENABLE_MODULES = YES;
				CLANG_ENABLE_OBJC_ARC = YES;
				CLANG_WARN_BOOL_CONVERSION = YES;
				CLANG_WARN_CONSTANT_CONVERSION = YES;
				CLANG_WARN_DIRECT_OBJC_ISA_USAGE = YES_ERROR;
				CLANG_WARN_DOCUMENTATION_COMMENTS = YES;
				CLANG_WARN_EMPTY_BODY = YES;
				CLANG_WARN_ENUM_CONVERSION = YES;
				CLANG_WARN_INFINITE_RECURSION = YES;
				CLANG_WARN_INT_CONVERSION = YES;
				CLANG_WARN_OBJC_ROOT_CLASS = YES_ERROR;
				CLANG_WARN_SUSPICIOUS_MOVE = YES;
				CLANG_WARN_UNREACHABLE_CODE = YES;
				CLANG_WARN__DUPLICATE_METHOD_MATCH = YES;
				"CODE_SIGN_IDENTITY[sdk=iphoneos*]" = "iPhone Developer";
				COPY_PHASE_STRIP = NO;
				DEBUG_INFORMATION_FORMAT = dwarf;
				ENABLE_STRICT_OBJC_MSGSEND = YES;
				ENABLE_TESTABILITY = YES;
				GCC_C_LANGUAGE_STANDARD = gnu99;
				GCC_DYNAMIC_NO_PIC = NO;
				GCC_NO_COMMON_BLOCKS = YES;
				GCC_OPTIMIZATION_LEVEL = 0;
				GCC_PREPROCESSOR_DEFINITIONS = (
					"DEBUG=1",
					"$(inherited)",
				);
				GCC_WARN_64_TO_32_BIT_CONVERSION = YES;
				GCC_WARN_ABOUT_RETURN_TYPE = YES_ERROR;
				GCC_WARN_UNDECLARED_SELECTOR = YES;
				GCC_WARN_UNINITIALIZED_AUTOS = YES_AGGRESSIVE;
				GCC_WARN_UNUSED_FUNCTION = YES;
				GCC_WARN_UNUSED_VARIABLE = YES;
				IPHONEOS_DEPLOYMENT_TARGET = 10.2;
				MTL_ENABLE_DEBUG_INFO = YES;
				ONLY_ACTIVE_ARCH = YES;
				SDKROOT = iphoneos;
				SWIFT_ACTIVE_COMPILATION_CONDITIONS = DEBUG;
				SWIFT_OPTIMIZATION_LEVEL = "-Onone";
				TARGETED_DEVICE_FAMILY = "1,2";
			};
			name = Debug;
		};
		960878B61E82C239007A9901 /* Release */ = {
			isa = XCBuildConfiguration;
			buildSettings = {
				ALWAYS_SEARCH_USER_PATHS = NO;
				CLANG_ANALYZER_NONNULL = YES;
				CLANG_CXX_LANGUAGE_STANDARD = "gnu++0x";
				CLANG_CXX_LIBRARY = "libc++";
				CLANG_ENABLE_MODULES = YES;
				CLANG_ENABLE_OBJC_ARC = YES;
				CLANG_WARN_BOOL_CONVERSION = YES;
				CLANG_WARN_CONSTANT_CONVERSION = YES;
				CLANG_WARN_DIRECT_OBJC_ISA_USAGE = YES_ERROR;
				CLANG_WARN_DOCUMENTATION_COMMENTS = YES;
				CLANG_WARN_EMPTY_BODY = YES;
				CLANG_WARN_ENUM_CONVERSION = YES;
				CLANG_WARN_INFINITE_RECURSION = YES;
				CLANG_WARN_INT_CONVERSION = YES;
				CLANG_WARN_OBJC_ROOT_CLASS = YES_ERROR;
				CLANG_WARN_SUSPICIOUS_MOVE = YES;
				CLANG_WARN_UNREACHABLE_CODE = YES;
				CLANG_WARN__DUPLICATE_METHOD_MATCH = YES;
				"CODE_SIGN_IDENTITY[sdk=iphoneos*]" = "iPhone Developer";
				COPY_PHASE_STRIP = NO;
				DEBUG_INFORMATION_FORMAT = "dwarf-with-dsym";
				ENABLE_NS_ASSERTIONS = NO;
				ENABLE_STRICT_OBJC_MSGSEND = YES;
				GCC_C_LANGUAGE_STANDARD = gnu99;
				GCC_NO_COMMON_BLOCKS = YES;
				GCC_WARN_64_TO_32_BIT_CONVERSION = YES;
				GCC_WARN_ABOUT_RETURN_TYPE = YES_ERROR;
				GCC_WARN_UNDECLARED_SELECTOR = YES;
				GCC_WARN_UNINITIALIZED_AUTOS = YES_AGGRESSIVE;
				GCC_WARN_UNUSED_FUNCTION = YES;
				GCC_WARN_UNUSED_VARIABLE = YES;
				IPHONEOS_DEPLOYMENT_TARGET = 10.2;
				MTL_ENABLE_DEBUG_INFO = NO;
				SDKROOT = iphoneos;
				SWIFT_OPTIMIZATION_LEVEL = "-Owholemodule";
				TARGETED_DEVICE_FAMILY = "1,2";
				VALIDATE_PRODUCT = YES;
			};
			name = Release;
		};
		960878B81E82C239007A9901 /* Debug */ = {
			isa = XCBuildConfiguration;
			baseConfigurationReference = 0EBA4773DC38914872E4FA73 /* Pods-KinveyVideoPlayer.debug.xcconfig */;
			buildSettings = {
				ASSETCATALOG_COMPILER_APPICON_NAME = AppIcon;
				INFOPLIST_FILE = KinveyVideoPlayer/Info.plist;
				LD_RUNPATH_SEARCH_PATHS = "$(inherited) @executable_path/Frameworks";
				PRODUCT_BUNDLE_IDENTIFIER = com.kinvey.KinveyVideoPlayer;
				PRODUCT_NAME = "$(TARGET_NAME)";
				SWIFT_VERSION = 3.0;
			};
			name = Debug;
		};
		960878B91E82C239007A9901 /* Release */ = {
			isa = XCBuildConfiguration;
			baseConfigurationReference = 905433B9B334A5C43CB97CAF /* Pods-KinveyVideoPlayer.release.xcconfig */;
			buildSettings = {
				ASSETCATALOG_COMPILER_APPICON_NAME = AppIcon;
				INFOPLIST_FILE = KinveyVideoPlayer/Info.plist;
				LD_RUNPATH_SEARCH_PATHS = "$(inherited) @executable_path/Frameworks";
				PRODUCT_BUNDLE_IDENTIFIER = com.kinvey.KinveyVideoPlayer;
				PRODUCT_NAME = "$(TARGET_NAME)";
				SWIFT_VERSION = 3.0;
			};
			name = Release;
		};
		960878BB1E82C239007A9901 /* Debug */ = {
			isa = XCBuildConfiguration;
			baseConfigurationReference = 7E4A51829BD5F334F8A70722 /* Pods-KinveyVideoPlayerTests.debug.xcconfig */;
			buildSettings = {
				ALWAYS_EMBED_SWIFT_STANDARD_LIBRARIES = YES;
				BUNDLE_LOADER = "$(TEST_HOST)";
				INFOPLIST_FILE = KinveyVideoPlayerTests/Info.plist;
				LD_RUNPATH_SEARCH_PATHS = "$(inherited) @executable_path/Frameworks @loader_path/Frameworks";
				PRODUCT_BUNDLE_IDENTIFIER = com.kinvey.KinveyVideoPlayerTests;
				PRODUCT_NAME = "$(TARGET_NAME)";
				SWIFT_VERSION = 3.0;
				TEST_HOST = "$(BUILT_PRODUCTS_DIR)/KinveyVideoPlayer.app/KinveyVideoPlayer";
			};
			name = Debug;
		};
		960878BC1E82C239007A9901 /* Release */ = {
			isa = XCBuildConfiguration;
			baseConfigurationReference = D2C6A96E247729A7415CBADA /* Pods-KinveyVideoPlayerTests.release.xcconfig */;
			buildSettings = {
				ALWAYS_EMBED_SWIFT_STANDARD_LIBRARIES = YES;
				BUNDLE_LOADER = "$(TEST_HOST)";
				INFOPLIST_FILE = KinveyVideoPlayerTests/Info.plist;
				LD_RUNPATH_SEARCH_PATHS = "$(inherited) @executable_path/Frameworks @loader_path/Frameworks";
				PRODUCT_BUNDLE_IDENTIFIER = com.kinvey.KinveyVideoPlayerTests;
				PRODUCT_NAME = "$(TARGET_NAME)";
				SWIFT_VERSION = 3.0;
				TEST_HOST = "$(BUILT_PRODUCTS_DIR)/KinveyVideoPlayer.app/KinveyVideoPlayer";
			};
			name = Release;
		};
		960878BE1E82C239007A9901 /* Debug */ = {
			isa = XCBuildConfiguration;
			baseConfigurationReference = 081183EDC24EC1AA55749C28 /* Pods-KinveyVideoPlayerUITests.debug.xcconfig */;
			buildSettings = {
				ALWAYS_EMBED_SWIFT_STANDARD_LIBRARIES = YES;
				INFOPLIST_FILE = KinveyVideoPlayerUITests/Info.plist;
				LD_RUNPATH_SEARCH_PATHS = "$(inherited) @executable_path/Frameworks @loader_path/Frameworks";
				PRODUCT_BUNDLE_IDENTIFIER = com.kinvey.KinveyVideoPlayerUITests;
				PRODUCT_NAME = "$(TARGET_NAME)";
				SWIFT_VERSION = 3.0;
				TEST_TARGET_NAME = KinveyVideoPlayer;
			};
			name = Debug;
		};
		960878BF1E82C239007A9901 /* Release */ = {
			isa = XCBuildConfiguration;
			baseConfigurationReference = 68393AFC0D5E8A46ABE106DA /* Pods-KinveyVideoPlayerUITests.release.xcconfig */;
			buildSettings = {
				ALWAYS_EMBED_SWIFT_STANDARD_LIBRARIES = YES;
				INFOPLIST_FILE = KinveyVideoPlayerUITests/Info.plist;
				LD_RUNPATH_SEARCH_PATHS = "$(inherited) @executable_path/Frameworks @loader_path/Frameworks";
				PRODUCT_BUNDLE_IDENTIFIER = com.kinvey.KinveyVideoPlayerUITests;
				PRODUCT_NAME = "$(TARGET_NAME)";
				SWIFT_VERSION = 3.0;
				TEST_TARGET_NAME = KinveyVideoPlayer;
			};
			name = Release;
		};
/* End XCBuildConfiguration section */

/* Begin XCConfigurationList section */
		9608788A1E82C238007A9901 /* Build configuration list for PBXProject "KinveyVideoPlayer" */ = {
			isa = XCConfigurationList;
			buildConfigurations = (
				960878B51E82C239007A9901 /* Debug */,
				960878B61E82C239007A9901 /* Release */,
			);
			defaultConfigurationIsVisible = 0;
			defaultConfigurationName = Release;
		};
		960878B71E82C239007A9901 /* Build configuration list for PBXNativeTarget "KinveyVideoPlayer" */ = {
			isa = XCConfigurationList;
			buildConfigurations = (
				960878B81E82C239007A9901 /* Debug */,
				960878B91E82C239007A9901 /* Release */,
			);
			defaultConfigurationIsVisible = 0;
		};
		960878BA1E82C239007A9901 /* Build configuration list for PBXNativeTarget "KinveyVideoPlayerTests" */ = {
			isa = XCConfigurationList;
			buildConfigurations = (
				960878BB1E82C239007A9901 /* Debug */,
				960878BC1E82C239007A9901 /* Release */,
			);
			defaultConfigurationIsVisible = 0;
		};
		960878BD1E82C239007A9901 /* Build configuration list for PBXNativeTarget "KinveyVideoPlayerUITests" */ = {
			isa = XCConfigurationList;
			buildConfigurations = (
				960878BE1E82C239007A9901 /* Debug */,
				960878BF1E82C239007A9901 /* Release */,
			);
			defaultConfigurationIsVisible = 0;
		};
/* End XCConfigurationList section */
	};
	rootObject = 960878871E82C238007A9901 /* Project object */;
}
